
Microsoft Visual Studio Solution File, Format Version 12.00
# Visual Studio Version 17
VisualStudioVersion = 17.4.33110.190
MinimumVisualStudioVersion = 10.0.40219.1
Project("{9A19103F-16F7-4668-BE54-9A1E7A4F7556}") = "Game1", "Game1\Game1.csproj", "{7BA7F104-3A8B-411A-BD1D-A32A952C6CEC}"
EndProject
Project("{9A19103F-16F7-4668-BE54-9A1E7A4F7556}") = "Game 2 Squares Sum", "Game 2 Squares Sum\Game 2 Squares Sum.csproj", "{D17DB4C2-C925-4A8D-B862-37061A0F0376}"
EndProject
Project("{9A19103F-16F7-4668-BE54-9A1E7A4F7556}") = "SumMixedArray", "SumMixedArray\SumMixedArray.csproj", "{D7CBB04F-8F0D-49FA-AF2F-210C4D945540}"
EndProject
Project("{9A19103F-16F7-4668-BE54-9A1E7A4F7556}") = "Murmur", "Murmur\Murmur.csproj", "{F84BF998-261A-418F-8EBE-4C7D0D76AFA9}"
EndProject
Project("{9A19103F-16F7-4668-BE54-9A1E7A4F7556}") = "Reverse", "Reverse\Reverse.csproj", "{2292E90E-4E3C-47D1-AAB9-E20E204FF594}"
EndProject
Project("{9A19103F-16F7-4668-BE54-9A1E7A4F7556}") = "TaskParallel", "TaskParallel\TaskParallel.csproj", "{ABB1C2F7-5675-4E87-830F-BCEFAC195939}"
EndProject
Project("{9A19103F-16F7-4668-BE54-9A1E7A4F7556}") = "SheepCounter", "SheepCounter\SheepCounter.csproj", "{1F40F5D1-8945-4F0E-AF43-EECBDA15BBF4}"
EndProject
Project("{9A19103F-16F7-4668-BE54-9A1E7A4F7556}") = "Handicap", "Handicap\Handicap.csproj", "{4351438A-BBBA-4550-A757-1E1BC3BFF9C9}"
EndProject
Project("{9A19103F-16F7-4668-BE54-9A1E7A4F7556}") = "Jagged Array", "Jagged Array\Jagged Array.csproj", "{19369EE4-5CB4-4D4B-A454-DC18B75C1636}"
EndProject
Project("{9A19103F-16F7-4668-BE54-9A1E7A4F7556}") = "Isogram", "Isogram\Isogram.csproj", "{7EB4B0A4-3D8A-4885-8FA2-456CFB6F34AA}"
EndProject
Project("{9A19103F-16F7-4668-BE54-9A1E7A4F7556}") = "Binary", "Binary\Binary.csproj", "{70DCBC22-E149-4F5D-891F-8D6AA857096B}"
EndProject
Project("{9A19103F-16F7-4668-BE54-9A1E7A4F7556}") = "Bus", "Bus\Bus.csproj", "{F682305F-F8D2-4320-B247-6144A277CC4F}"
EndProject
Project("{9A19103F-16F7-4668-BE54-9A1E7A4F7556}") = "Convert bool to string", "Convert bool to string\Convert bool to string.csproj", "{664D4A7A-D3EB-4D56-81DE-4AFBD5E280EF}"
EndProject
Project("{9A19103F-16F7-4668-BE54-9A1E7A4F7556}") = "YouOnlyOne", "YouOnlyOne\YouOnlyOne.csproj", "{C9321E49-BD74-456E-88AE-EB0EEC670C8D}"
EndProject
Project("{9A19103F-16F7-4668-BE54-9A1E7A4F7556}") = "SentenceSmash", "SentenceSmash\SentenceSmash.csproj", "{A36C7F49-A3CB-4521-9409-08AFD809B9D0}"
EndProject
Project("{FAE04EC0-301F-11D3-BF4B-00C04F79EFBC}") = "JadeSmith", "JadeSmith\JadeSmith.csproj", "{7C7DE926-6A58-43DB-8DAD-D67ED740DBF5}"
EndProject
Global
	GlobalSection(SolutionConfigurationPlatforms) = preSolution
		Debug|Any CPU = Debug|Any CPU
		Release|Any CPU = Release|Any CPU
	EndGlobalSection
	GlobalSection(ProjectConfigurationPlatforms) = postSolution
		{7BA7F104-3A8B-411A-BD1D-A32A952C6CEC}.Debug|Any CPU.ActiveCfg = Debug|Any CPU
		{7BA7F104-3A8B-411A-BD1D-A32A952C6CEC}.Debug|Any CPU.Build.0 = Debug|Any CPU
		{7BA7F104-3A8B-411A-BD1D-A32A952C6CEC}.Release|Any CPU.ActiveCfg = Release|Any CPU
		{7BA7F104-3A8B-411A-BD1D-A32A952C6CEC}.Release|Any CPU.Build.0 = Release|Any CPU
		{D17DB4C2-C925-4A8D-B862-37061A0F0376}.Debug|Any CPU.ActiveCfg = Debug|Any CPU
		{D17DB4C2-C925-4A8D-B862-37061A0F0376}.Debug|Any CPU.Build.0 = Debug|Any CPU
		{D17DB4C2-C925-4A8D-B862-37061A0F0376}.Release|Any CPU.ActiveCfg = Release|Any CPU
		{D17DB4C2-C925-4A8D-B862-37061A0F0376}.Release|Any CPU.Build.0 = Release|Any CPU
		{D7CBB04F-8F0D-49FA-AF2F-210C4D945540}.Debug|Any CPU.ActiveCfg = Debug|Any CPU
		{D7CBB04F-8F0D-49FA-AF2F-210C4D945540}.Debug|Any CPU.Build.0 = Debug|Any CPU
		{D7CBB04F-8F0D-49FA-AF2F-210C4D945540}.Release|Any CPU.ActiveCfg = Release|Any CPU
		{D7CBB04F-8F0D-49FA-AF2F-210C4D945540}.Release|Any CPU.Build.0 = Release|Any CPU
		{F84BF998-261A-418F-8EBE-4C7D0D76AFA9}.Debug|Any CPU.ActiveCfg = Debug|Any CPU
		{F84BF998-261A-418F-8EBE-4C7D0D76AFA9}.Debug|Any CPU.Build.0 = Debug|Any CPU
		{F84BF998-261A-418F-8EBE-4C7D0D76AFA9}.Release|Any CPU.ActiveCfg = Release|Any CPU
		{F84BF998-261A-418F-8EBE-4C7D0D76AFA9}.Release|Any CPU.Build.0 = Release|Any CPU
		{2292E90E-4E3C-47D1-AAB9-E20E204FF594}.Debug|Any CPU.ActiveCfg = Debug|Any CPU
		{2292E90E-4E3C-47D1-AAB9-E20E204FF594}.Debug|Any CPU.Build.0 = Debug|Any CPU
		{2292E90E-4E3C-47D1-AAB9-E20E204FF594}.Release|Any CPU.ActiveCfg = Release|Any CPU
		{2292E90E-4E3C-47D1-AAB9-E20E204FF594}.Release|Any CPU.Build.0 = Release|Any CPU
		{ABB1C2F7-5675-4E87-830F-BCEFAC195939}.Debug|Any CPU.ActiveCfg = Debug|Any CPU
		{ABB1C2F7-5675-4E87-830F-BCEFAC195939}.Debug|Any CPU.Build.0 = Debug|Any CPU
		{ABB1C2F7-5675-4E87-830F-BCEFAC195939}.Release|Any CPU.ActiveCfg = Release|Any CPU
		{ABB1C2F7-5675-4E87-830F-BCEFAC195939}.Release|Any CPU.Build.0 = Release|Any CPU
		{1F40F5D1-8945-4F0E-AF43-EECBDA15BBF4}.Debug|Any CPU.ActiveCfg = Debug|Any CPU
		{1F40F5D1-8945-4F0E-AF43-EECBDA15BBF4}.Debug|Any CPU.Build.0 = Debug|Any CPU
		{1F40F5D1-8945-4F0E-AF43-EECBDA15BBF4}.Release|Any CPU.ActiveCfg = Release|Any CPU
		{1F40F5D1-8945-4F0E-AF43-EECBDA15BBF4}.Release|Any CPU.Build.0 = Release|Any CPU
		{4351438A-BBBA-4550-A757-1E1BC3BFF9C9}.Debug|Any CPU.ActiveCfg = Debug|Any CPU
		{4351438A-BBBA-4550-A757-1E1BC3BFF9C9}.Debug|Any CPU.Build.0 = Debug|Any CPU
		{4351438A-BBBA-4550-A757-1E1BC3BFF9C9}.Release|Any CPU.ActiveCfg = Release|Any CPU
		{4351438A-BBBA-4550-A757-1E1BC3BFF9C9}.Release|Any CPU.Build.0 = Release|Any CPU
		{19369EE4-5CB4-4D4B-A454-DC18B75C1636}.Debug|Any CPU.ActiveCfg = Debug|Any CPU
		{19369EE4-5CB4-4D4B-A454-DC18B75C1636}.Debug|Any CPU.Build.0 = Debug|Any CPU
		{19369EE4-5CB4-4D4B-A454-DC18B75C1636}.Release|Any CPU.ActiveCfg = Release|Any CPU
		{19369EE4-5CB4-4D4B-A454-DC18B75C1636}.Release|Any CPU.Build.0 = Release|Any CPU
		{7EB4B0A4-3D8A-4885-8FA2-456CFB6F34AA}.Debug|Any CPU.ActiveCfg = Debug|Any CPU
		{7EB4B0A4-3D8A-4885-8FA2-456CFB6F34AA}.Debug|Any CPU.Build.0 = Debug|Any CPU
		{7EB4B0A4-3D8A-4885-8FA2-456CFB6F34AA}.Release|Any CPU.ActiveCfg = Release|Any CPU
		{7EB4B0A4-3D8A-4885-8FA2-456CFB6F34AA}.Release|Any CPU.Build.0 = Release|Any CPU
		{70DCBC22-E149-4F5D-891F-8D6AA857096B}.Debug|Any CPU.ActiveCfg = Debug|Any CPU
		{70DCBC22-E149-4F5D-891F-8D6AA857096B}.Debug|Any CPU.Build.0 = Debug|Any CPU
		{70DCBC22-E149-4F5D-891F-8D6AA857096B}.Release|Any CPU.ActiveCfg = Release|Any CPU
		{70DCBC22-E149-4F5D-891F-8D6AA857096B}.Release|Any CPU.Build.0 = Release|Any CPU
		{F682305F-F8D2-4320-B247-6144A277CC4F}.Debug|Any CPU.ActiveCfg = Debug|Any CPU
		{F682305F-F8D2-4320-B247-6144A277CC4F}.Debug|Any CPU.Build.0 = Debug|Any CPU
		{F682305F-F8D2-4320-B247-6144A277CC4F}.Release|Any CPU.ActiveCfg = Release|Any CPU
		{F682305F-F8D2-4320-B247-6144A277CC4F}.Release|Any CPU.Build.0 = Release|Any CPU
		{664D4A7A-D3EB-4D56-81DE-4AFBD5E280EF}.Debug|Any CPU.ActiveCfg = Debug|Any CPU
		{664D4A7A-D3EB-4D56-81DE-4AFBD5E280EF}.Debug|Any CPU.Build.0 = Debug|Any CPU
		{664D4A7A-D3EB-4D56-81DE-4AFBD5E280EF}.Release|Any CPU.ActiveCfg = Release|Any CPU
		{664D4A7A-D3EB-4D56-81DE-4AFBD5E280EF}.Release|Any CPU.Build.0 = Release|Any CPU
		{C9321E49-BD74-456E-88AE-EB0EEC670C8D}.Debug|Any CPU.ActiveCfg = Debug|Any CPU
		{C9321E49-BD74-456E-88AE-EB0EEC670C8D}.Debug|Any CPU.Build.0 = Debug|Any CPU
		{C9321E49-BD74-456E-88AE-EB0EEC670C8D}.Release|Any CPU.ActiveCfg = Release|Any CPU
		{C9321E49-BD74-456E-88AE-EB0EEC670C8D}.Release|Any CPU.Build.0 = Release|Any CPU
		{A36C7F49-A3CB-4521-9409-08AFD809B9D0}.Debug|Any CPU.ActiveCfg = Debug|Any CPU
		{A36C7F49-A3CB-4521-9409-08AFD809B9D0}.Debug|Any CPU.Build.0 = Debug|Any CPU
		{A36C7F49-A3CB-4521-9409-08AFD809B9D0}.Release|Any CPU.ActiveCfg = Release|Any CPU
		{A36C7F49-A3CB-4521-9409-08AFD809B9D0}.Release|Any CPU.Build.0 = Release|Any CPU
		{7C7DE926-6A58-43DB-8DAD-D67ED740DBF5}.Debug|Any CPU.ActiveCfg = Debug|Any CPU
		{7C7DE926-6A58-43DB-8DAD-D67ED740DBF5}.Debug|Any CPU.Build.0 = Debug|Any CPU
		{7C7DE926-6A58-43DB-8DAD-D67ED740DBF5}.Release|Any CPU.ActiveCfg = Release|Any CPU
		{7C7DE926-6A58-43DB-8DAD-D67ED740DBF5}.Release|Any CPU.Build.0 = Release|Any CPU
	EndGlobalSection
	GlobalSection(SolutionProperties) = preSolution
		HideSolutionNode = FALSE
	EndGlobalSection
	GlobalSection(ExtensibilityGlobals) = postSolution
		SolutionGuid = {71A5CC8A-CE17-4FBB-B900-4704D02C96CF}
	EndGlobalSection
EndGlobal
