
Microsoft Visual Studio Solution File, Format Version 12.00
# Visual Studio Version 17
VisualStudioVersion = 17.3.32825.248
MinimumVisualStudioVersion = 10.0.40219.1
Project("{9A19103F-16F7-4668-BE54-9A1E7A4F7556}") = "Bucle", "Bucle\Bucle.csproj", "{161AB8BA-EF3E-4EBD-8162-3713B462BBAB}"
EndProject
Project("{9A19103F-16F7-4668-BE54-9A1E7A4F7556}") = "Ejercicio3", "Ejercicio3\Ejercicio3.csproj", "{56863336-DCA8-44E3-95DC-7AA5C898038D}"
EndProject
Project("{FAE04EC0-301F-11D3-BF4B-00C04F79EFBC}") = "YieldReturn", "YieldReturn\YieldReturn.csproj", "{4922CE68-0A8B-4B31-BEA7-8A46B59204B2}"
EndProject
Global
	GlobalSection(SolutionConfigurationPlatforms) = preSolution
		Debug|Any CPU = Debug|Any CPU
		Release|Any CPU = Release|Any CPU
	EndGlobalSection
	GlobalSection(ProjectConfigurationPlatforms) = postSolution
		{161AB8BA-EF3E-4EBD-8162-3713B462BBAB}.Debug|Any CPU.ActiveCfg = Debug|Any CPU
		{161AB8BA-EF3E-4EBD-8162-3713B462BBAB}.Debug|Any CPU.Build.0 = Debug|Any CPU
		{161AB8BA-EF3E-4EBD-8162-3713B462BBAB}.Release|Any CPU.ActiveCfg = Release|Any CPU
		{161AB8BA-EF3E-4EBD-8162-3713B462BBAB}.Release|Any CPU.Build.0 = Release|Any CPU
		{56863336-DCA8-44E3-95DC-7AA5C898038D}.Debug|Any CPU.ActiveCfg = Debug|Any CPU
		{56863336-DCA8-44E3-95DC-7AA5C898038D}.Debug|Any CPU.Build.0 = Debug|Any CPU
		{56863336-DCA8-44E3-95DC-7AA5C898038D}.Release|Any CPU.ActiveCfg = Release|Any CPU
		{56863336-DCA8-44E3-95DC-7AA5C898038D}.Release|Any CPU.Build.0 = Release|Any CPU
		{4922CE68-0A8B-4B31-BEA7-8A46B59204B2}.Debug|Any CPU.ActiveCfg = Debug|Any CPU
		{4922CE68-0A8B-4B31-BEA7-8A46B59204B2}.Debug|Any CPU.Build.0 = Debug|Any CPU
		{4922CE68-0A8B-4B31-BEA7-8A46B59204B2}.Release|Any CPU.ActiveCfg = Release|Any CPU
		{4922CE68-0A8B-4B31-BEA7-8A46B59204B2}.Release|Any CPU.Build.0 = Release|Any CPU
	EndGlobalSection
	GlobalSection(SolutionProperties) = preSolution
		HideSolutionNode = FALSE
	EndGlobalSection
	GlobalSection(ExtensibilityGlobals) = postSolution
		SolutionGuid = {CFFA4058-B3DC-44BD-96B5-BA02B742A66E}
	EndGlobalSection
EndGlobal
