
Microsoft Visual Studio Solution File, Format Version 12.00
# Visual Studio Version 17
VisualStudioVersion = 17.4.33110.190
MinimumVisualStudioVersion = 10.0.40219.1
Project("{FAE04EC0-301F-11D3-BF4B-00C04F79EFBC}") = "TaskParallel2", "TaskParallel2\TaskParallel2.csproj", "{950A8997-10B2-405A-848C-21826EF2D341}"
EndProject
Project("{FAE04EC0-301F-11D3-BF4B-00C04F79EFBC}") = "Parallel3", "Parallel3\Parallel3.csproj", "{077BA11F-497B-4732-A2F4-9DAD705E0486}"
EndProject
Global
	GlobalSection(SolutionConfigurationPlatforms) = preSolution
		Debug|Any CPU = Debug|Any CPU
		Release|Any CPU = Release|Any CPU
	EndGlobalSection
	GlobalSection(ProjectConfigurationPlatforms) = postSolution
		{950A8997-10B2-405A-848C-21826EF2D341}.Debug|Any CPU.ActiveCfg = Debug|Any CPU
		{950A8997-10B2-405A-848C-21826EF2D341}.Debug|Any CPU.Build.0 = Debug|Any CPU
		{950A8997-10B2-405A-848C-21826EF2D341}.Release|Any CPU.ActiveCfg = Release|Any CPU
		{950A8997-10B2-405A-848C-21826EF2D341}.Release|Any CPU.Build.0 = Release|Any CPU
		{077BA11F-497B-4732-A2F4-9DAD705E0486}.Debug|Any CPU.ActiveCfg = Debug|Any CPU
		{077BA11F-497B-4732-A2F4-9DAD705E0486}.Debug|Any CPU.Build.0 = Debug|Any CPU
		{077BA11F-497B-4732-A2F4-9DAD705E0486}.Release|Any CPU.ActiveCfg = Release|Any CPU
		{077BA11F-497B-4732-A2F4-9DAD705E0486}.Release|Any CPU.Build.0 = Release|Any CPU
	EndGlobalSection
	GlobalSection(SolutionProperties) = preSolution
		HideSolutionNode = FALSE
	EndGlobalSection
	GlobalSection(ExtensibilityGlobals) = postSolution
		SolutionGuid = {223E1445-90AC-423E-8EF9-6FF684F2AF25}
	EndGlobalSection
EndGlobal
